
Microsoft Visual Studio Solution File, Format Version 12.00
# Visual Studio Version 17
VisualStudioVersion = 17.9.34714.143
MinimumVisualStudioVersion = 10.0.40219.1
Project("{FAE04EC0-301F-11D3-BF4B-00C04F79EFBC}") = "hu_mdk0101_9", "hu_mdk0101_9\hu_mdk0101_9.csproj", "{176C30B3-B558-4A67-9853-44E3F6642E81}"
EndProject
Global
	GlobalSection(SolutionConfigurationPlatforms) = preSolution
		Debug|Any CPU = Debug|Any CPU
		Release|Any CPU = Release|Any CPU
	EndGlobalSection
	GlobalSection(ProjectConfigurationPlatforms) = postSolution
		{176C30B3-B558-4A67-9853-44E3F6642E81}.Debug|Any CPU.ActiveCfg = Debug|Any CPU
		{176C30B3-B558-4A67-9853-44E3F6642E81}.Debug|Any CPU.Build.0 = Debug|Any CPU
		{176C30B3-B558-4A67-9853-44E3F6642E81}.Release|Any CPU.ActiveCfg = Release|Any CPU
		{176C30B3-B558-4A67-9853-44E3F6642E81}.Release|Any CPU.Build.0 = Release|Any CPU
	EndGlobalSection
	GlobalSection(SolutionProperties) = preSolution
		HideSolutionNode = FALSE
	EndGlobalSection
	GlobalSection(ExtensibilityGlobals) = postSolution
		SolutionGuid = {7ABAB68B-B339-4E0E-B4BD-9FA4832F518C}
	EndGlobalSection
EndGlobal
